
Microsoft Visual Studio Solution File, Format Version 12.00
# Visual Studio Version 17
VisualStudioVersion = 17.14.36221.1
MinimumVisualStudioVersion = 10.0.40219.1
Project("{2150E333-8FDC-42A3-9474-1A3956D46DE8}") = "Core", "Core", "{02EA681E-C7D8-13C7-8484-4AC65E1B71E8}"
EndProject
Project("{2150E333-8FDC-42A3-9474-1A3956D46DE8}") = "Infrastructure", "Infrastructure", "{27D9C641-2604-4FEA-B7BC-8049357F19D5}"
EndProject
Project("{2150E333-8FDC-42A3-9474-1A3956D46DE8}") = "Presentation", "Presentation", "{0DB59F88-6BDE-41DF-B5AD-C21C090A69F3}"
EndProject
Project("{FAE04EC0-301F-11D3-BF4B-00C04F79EFBC}") = "Auth.Application", "Auth.Application\Auth.Application.csproj", "{B0A428CE-B2CE-4FB7-A5FB-DFAEC24474CE}"
EndProject
Project("{FAE04EC0-301F-11D3-BF4B-00C04F79EFBC}") = "Auth.Domain", "Auth.Domain\Auth.Domain.csproj", "{10C85BF4-0DD1-49E8-8EDC-0D6D6788919D}"
EndProject
Project("{FAE04EC0-301F-11D3-BF4B-00C04F79EFBC}") = "Auth.Infrastructure", "Auth.Infrastructure\Auth.Infrastructure.csproj", "{3396A142-7FD9-4855-A188-E5A16A26E543}"
EndProject
Project("{FAE04EC0-301F-11D3-BF4B-00C04F79EFBC}") = "Auth.WebApi", "Auth.WebApi\Auth.WebApi.csproj", "{92110F9D-E2C3-4FF4-A9F1-09661C111B39}"
EndProject
Project("{2150E333-8FDC-42A3-9474-1A3956D46DE8}") = "src", "src", "{744530B9-4FC6-42AE-A465-120C11C50F8B}"
EndProject
Project("{2150E333-8FDC-42A3-9474-1A3956D46DE8}") = "ServerApp", "ServerApp", "{AF6EB3B1-9A07-4DE4-8865-BC37ABF2517F}"
EndProject
Project("{2150E333-8FDC-42A3-9474-1A3956D46DE8}") = "ClientApp", "ClientApp", "{12C5418A-2F5B-4DDF-935F-8DC6A24859A2}"
EndProject
Project("{FAE04EC0-301F-11D3-BF4B-00C04F79EFBC}") = "Auth.MVC", "Auth.MVC\Auth.MVC.csproj", "{DCB2766D-EF97-47C9-9A11-E36D68BA3915}"
EndProject
Global
	GlobalSection(SolutionConfigurationPlatforms) = preSolution
		Debug|Any CPU = Debug|Any CPU
		Release|Any CPU = Release|Any CPU
	EndGlobalSection
	GlobalSection(ProjectConfigurationPlatforms) = postSolution
		{B0A428CE-B2CE-4FB7-A5FB-DFAEC24474CE}.Debug|Any CPU.ActiveCfg = Debug|Any CPU
		{B0A428CE-B2CE-4FB7-A5FB-DFAEC24474CE}.Debug|Any CPU.Build.0 = Debug|Any CPU
		{B0A428CE-B2CE-4FB7-A5FB-DFAEC24474CE}.Release|Any CPU.ActiveCfg = Release|Any CPU
		{B0A428CE-B2CE-4FB7-A5FB-DFAEC24474CE}.Release|Any CPU.Build.0 = Release|Any CPU
		{10C85BF4-0DD1-49E8-8EDC-0D6D6788919D}.Debug|Any CPU.ActiveCfg = Debug|Any CPU
		{10C85BF4-0DD1-49E8-8EDC-0D6D6788919D}.Debug|Any CPU.Build.0 = Debug|Any CPU
		{10C85BF4-0DD1-49E8-8EDC-0D6D6788919D}.Release|Any CPU.ActiveCfg = Release|Any CPU
		{10C85BF4-0DD1-49E8-8EDC-0D6D6788919D}.Release|Any CPU.Build.0 = Release|Any CPU
		{3396A142-7FD9-4855-A188-E5A16A26E543}.Debug|Any CPU.ActiveCfg = Debug|Any CPU
		{3396A142-7FD9-4855-A188-E5A16A26E543}.Debug|Any CPU.Build.0 = Debug|Any CPU
		{3396A142-7FD9-4855-A188-E5A16A26E543}.Release|Any CPU.ActiveCfg = Release|Any CPU
		{3396A142-7FD9-4855-A188-E5A16A26E543}.Release|Any CPU.Build.0 = Release|Any CPU
		{92110F9D-E2C3-4FF4-A9F1-09661C111B39}.Debug|Any CPU.ActiveCfg = Debug|Any CPU
		{92110F9D-E2C3-4FF4-A9F1-09661C111B39}.Debug|Any CPU.Build.0 = Debug|Any CPU
		{92110F9D-E2C3-4FF4-A9F1-09661C111B39}.Release|Any CPU.ActiveCfg = Release|Any CPU
		{92110F9D-E2C3-4FF4-A9F1-09661C111B39}.Release|Any CPU.Build.0 = Release|Any CPU
		{DCB2766D-EF97-47C9-9A11-E36D68BA3915}.Debug|Any CPU.ActiveCfg = Debug|Any CPU
		{DCB2766D-EF97-47C9-9A11-E36D68BA3915}.Debug|Any CPU.Build.0 = Debug|Any CPU
		{DCB2766D-EF97-47C9-9A11-E36D68BA3915}.Release|Any CPU.ActiveCfg = Release|Any CPU
		{DCB2766D-EF97-47C9-9A11-E36D68BA3915}.Release|Any CPU.Build.0 = Release|Any CPU
	EndGlobalSection
	GlobalSection(SolutionProperties) = preSolution
		HideSolutionNode = FALSE
	EndGlobalSection
	GlobalSection(NestedProjects) = preSolution
		{02EA681E-C7D8-13C7-8484-4AC65E1B71E8} = {AF6EB3B1-9A07-4DE4-8865-BC37ABF2517F}
		{27D9C641-2604-4FEA-B7BC-8049357F19D5} = {AF6EB3B1-9A07-4DE4-8865-BC37ABF2517F}
		{0DB59F88-6BDE-41DF-B5AD-C21C090A69F3} = {AF6EB3B1-9A07-4DE4-8865-BC37ABF2517F}
		{B0A428CE-B2CE-4FB7-A5FB-DFAEC24474CE} = {02EA681E-C7D8-13C7-8484-4AC65E1B71E8}
		{10C85BF4-0DD1-49E8-8EDC-0D6D6788919D} = {02EA681E-C7D8-13C7-8484-4AC65E1B71E8}
		{3396A142-7FD9-4855-A188-E5A16A26E543} = {27D9C641-2604-4FEA-B7BC-8049357F19D5}
		{92110F9D-E2C3-4FF4-A9F1-09661C111B39} = {0DB59F88-6BDE-41DF-B5AD-C21C090A69F3}
		{AF6EB3B1-9A07-4DE4-8865-BC37ABF2517F} = {744530B9-4FC6-42AE-A465-120C11C50F8B}
		{12C5418A-2F5B-4DDF-935F-8DC6A24859A2} = {744530B9-4FC6-42AE-A465-120C11C50F8B}
		{DCB2766D-EF97-47C9-9A11-E36D68BA3915} = {12C5418A-2F5B-4DDF-935F-8DC6A24859A2}
	EndGlobalSection
	GlobalSection(ExtensibilityGlobals) = postSolution
		SolutionGuid = {AA89BE0B-66FB-447B-A015-4BC69FB88045}
	EndGlobalSection
EndGlobal
